# THIS IS AN AUTOGENERATED FILE. DO NOT EDIT THIS FILE DIRECTLY.
# yarn lockfile v1


"@github/auto-check-element@^5.2.0":
  version "5.4.1"
  resolved "https://registry.yarnpkg.com/@github/auto-check-element/-/auto-check-element-5.4.1.tgz#f2b56a26fa538448ec93a851c95f8dbe2cef6851"
  integrity sha512-AJeHV1ifpby5Hp2wJIzcsdIB5YAq869F7ilNv2GygTVpHOSCfYSS29/hJ5GGTLgfKpPRgTmJcMi5OetKR8eH1g==
  dependencies:
    "@github/mini-throttle" "^2.1.0"

"@github/auto-complete-element@^3.3.4":
  version "3.5.1"
  resolved "https://registry.yarnpkg.com/@github/auto-complete-element/-/auto-complete-element-3.5.1.tgz#ea14029cf4a8cc322e6e2121d08c2f35b0d49cdc"
  integrity sha512-7/g6Nz6Zz4/k0m/L0n+OEO29WZcXgXwLJn7Ql02UbIMR2ClFEZIwIvvzb+3fEECOyLpFrZC/JH7Svz9RYPc+wA==
  dependencies:
    "@github/combobox-nav" "^2.1.7"

"@github/catalyst@^1.6.0":
  version "1.6.0"
  resolved "https://registry.yarnpkg.com/@github/catalyst/-/catalyst-1.6.0.tgz#378734d1d2b6a85af169d7e66c1a2a604bf1e82c"
  integrity sha512-u8A+DameixqpeyHzvnJWTGj+wfiskQOYHzSiJscCWVfMkIT3rxnbHMtGh3lMthaRY21nbUOK71WcsCnCrXhBJQ==

"@github/clipboard-copy-element@^1.1.2":
  version "1.2.1"
  resolved "https://registry.yarnpkg.com/@github/clipboard-copy-element/-/clipboard-copy-element-1.2.1.tgz#93214f451eea982915f2d3d832371eade4eddcc2"
  integrity sha512-PLccyUCnzmOQ6zrRsH66rr67iumJyP5r7ij17ezprFQAK/oA8CXhlC8LTG+xpW3cYAvnp2zCgRNTfXS8wk09Lg==

"@github/combobox-nav@^2.1.7":
  version "2.1.7"
  resolved "https://registry.yarnpkg.com/@github/combobox-nav/-/combobox-nav-2.1.7.tgz#ae7d895291dee847ce6218063d2c286fcfb2235e"
  integrity sha512-Webx0W5iTpkk5Chy9dB/1BEUORQ0qrwui8HaaVBiy75W2VOJg96WTuKj1rXENAJ3XTMhdEF53bn0LYfvP0EKvg==

"@github/details-menu-element@^1.0.12":
  version "1.0.13"
  resolved "https://registry.yarnpkg.com/@github/details-menu-element/-/details-menu-element-1.0.13.tgz#d62263077b16bc7edc386e7b23f0ce41af1301b4"
  integrity sha512-gMkii86w/oUP5dq8yOWZn1sgbgtFj3AYETxxtpsqRggZktgd8te4+npAn4Hm+936c/lxmEzXqfjARL/CzGR4+w==

"@github/image-crop-element@^5.0.0":
  version "5.0.0"
  resolved "https://registry.yarnpkg.com/@github/image-crop-element/-/image-crop-element-5.0.0.tgz#6ae2c31f1e7dc355c41c3140554fb76ca7a71ef7"
  integrity sha512-Vgm2OwWAs1ESoib/t5sjxsAYo6YTOxxAjWDRxswX7qrqoyCejTZ3hshdo4Ep5e+Mz/GVTZC3rdMtg06dk/eT4g==

"@github/include-fragment-element@^6.1.1":
  version "6.3.0"
  resolved "https://registry.yarnpkg.com/@github/include-fragment-element/-/include-fragment-element-6.3.0.tgz#c93d6252b14f7c190af4ccd9d61884185a612492"
  integrity sha512-BJTt8ZE/arsbC9lQtTH8c1hZS0ZigiN+kzH54ffQ6MhHLT83h0OpSdS9NEVocPl2uuO6w3qxnEKTDzUGMQ5rdQ==

"@github/mini-throttle@^2.1.0":
  version "2.1.1"
  resolved "https://registry.yarnpkg.com/@github/mini-throttle/-/mini-throttle-2.1.1.tgz#c66db5c3b857aaf8c467de2528cd92f36f542ac5"
  integrity sha512-KtOPaB+FiKJ6jcKm9UKyaM5fPURHGf+xcp+b4Mzoi81hOc6M1sIGpMZMAVbNzfa2lW5+RPGKq888Px0j76OZ/A==

"@github/relative-time-element@^4.0.0":
  version "4.3.0"
  resolved "https://registry.yarnpkg.com/@github/relative-time-element/-/relative-time-element-4.3.0.tgz#3cb90ffbbe9a82c7242bdd9d54f2d74d555547cf"
  integrity sha512-+tFjX9//HRS1HnBa5cNgfEtE52arwiutYg1TOF+Trk40SPxst9Q8Rtc3BKD6aKsvfbtub68vfhipgchGjj9o7g==

"@github/tab-container-element@^3.1.2":
  version "3.3.0"
  resolved "https://registry.yarnpkg.com/@github/tab-container-element/-/tab-container-element-3.3.0.tgz#e7ab0e58dbd4ecca06fb1fca9b1612ac605b3ccb"
  integrity sha512-vHlN/GXgaJFJhh4oUYRh1pc4RAqduKlQOrEjVgSxR4JhLXsQcZ/hKWfCsRZAuZbSPzUGEYvggdieamS4FRSe4g==

"@oddbird/popover-polyfill@^0.2.1":
  version "0.2.2"
  resolved "https://registry.yarnpkg.com/@oddbird/popover-polyfill/-/popover-polyfill-0.2.2.tgz#2c7d180d7d2180c95681270542e5d2b721a38c90"
  integrity sha512-ko7x+PDZA9bHwA6hSfxjL1IhBP91JukfZq/NAe85u9rT0akFn9RKvSXymX/mS7S2mfNjE+Zw9JdLUPGvPabQAA==

"@primer/behaviors@^1.3.4":
  version "1.3.5"
  resolved "https://registry.yarnpkg.com/@primer/behaviors/-/behaviors-1.3.5.tgz#111eb550675577790cc01b14f3cf720332a2a046"
  integrity sha512-HWwz+6MrfK5NTWcg9GdKFpMBW/yrAV937oXiw2eDtsd88P3SRwoCt6ZO6QmKp9RP3nDU9cbqmuGZ0xBh0eIFeg==

"@primer/css@^21.0.8":
  version "21.0.8"
  resolved "https://registry.yarnpkg.com/@primer/css/-/css-21.0.8.tgz#b44f1e16af12a6b7efec898873a48ed9019c0283"
  integrity sha512-nyJnLwNvqZKN9t2ho0ccTKV5Z9QOQayZT+lycWCwkPmNOyMfGlod8mLFHLYd80Ea7H5784QeOl2+3gh710Yt/g==
  dependencies:
    "@primer/primitives" "^7.12.0"
    "@primer/view-components" "^0.5.1"

"@primer/primitives@^7.12.0":
  version "7.12.0"
  resolved "https://registry.yarnpkg.com/@primer/primitives/-/primitives-7.12.0.tgz#82634bba41f465bc194cdf0ca6d5ed400f3f2c0d"
  integrity sha512-QKNxfWm7Ik1Ulswyp3KeUL2xnQj8i0E7DdB6lOrh29o7LgyuutwcOHi4CGapBIOR1fYURu+yROSTHQ2C2aDK7A==

"@primer/view-components@^0.5.1":
  version "0.5.1"
  resolved "https://registry.yarnpkg.com/@primer/view-components/-/view-components-0.5.1.tgz#5ea47ff3c76eb693af8cb1499e39f4545a112048"
  integrity sha512-TI51R4rVobwK6sWRhu7HRHC6yxud2I9P1sYN6o/fHhIq7QU31mJyv1PtD8nfhmOqN/SsRC6q3pnCbh5Qt1wD/g==
  dependencies:
    "@github/auto-check-element" "^5.2.0"
    "@github/auto-complete-element" "^3.3.4"
    "@github/catalyst" "^1.6.0"
    "@github/clipboard-copy-element" "^1.1.2"
    "@github/details-menu-element" "^1.0.12"
    "@github/image-crop-element" "^5.0.0"
    "@github/include-fragment-element" "^6.1.1"
    "@github/relative-time-element" "^4.0.0"
    "@github/tab-container-element" "^3.1.2"
    "@oddbird/popover-polyfill" "^0.2.1"
    "@primer/behaviors" "^1.3.4"
